
Microsoft Visual Studio Solution File, Format Version 12.00
# Visual Studio Version 17
VisualStudioVersion = 17.14.35906.104 d17.14
MinimumVisualStudioVersion = 10.0.40219.1
Project("{FAE04EC0-301F-11D3-BF4B-00C04F79EFBC}") = "Tranfer date Controller to Modle", "Tranfer date Controller to Modle\Tranfer date Controller to Modle.csproj", "{AB672058-785A-4953-8A58-73DA6A95DDB7}"
EndProject
Global
	GlobalSection(SolutionConfigurationPlatforms) = preSolution
		Debug|Any CPU = Debug|Any CPU
		Release|Any CPU = Release|Any CPU
	EndGlobalSection
	GlobalSection(ProjectConfigurationPlatforms) = postSolution
		{AB672058-785A-4953-8A58-73DA6A95DDB7}.Debug|Any CPU.ActiveCfg = Debug|Any CPU
		{AB672058-785A-4953-8A58-73DA6A95DDB7}.Debug|Any CPU.Build.0 = Debug|Any CPU
		{AB672058-785A-4953-8A58-73DA6A95DDB7}.Release|Any CPU.ActiveCfg = Release|Any CPU
		{AB672058-785A-4953-8A58-73DA6A95DDB7}.Release|Any CPU.Build.0 = Release|Any CPU
	EndGlobalSection
	GlobalSection(SolutionProperties) = preSolution
		HideSolutionNode = FALSE
	EndGlobalSection
	GlobalSection(ExtensibilityGlobals) = postSolution
		SolutionGuid = {ABC3B0C3-66EE-4A2E-B59A-C1ED13A2CF3B}
	EndGlobalSection
EndGlobal
